
Microsoft Visual Studio Solution File, Format Version 9.00
# Visual Studio 2005
Project("{8BC9CEB8-8B4A-11D0-8D11-00A0C91BC942}") = "RNBasics", "gaps\pkgs\RNBasics\RNBasics.vcproj", "{B8495069-5476-4F53-A86A-8446CE4D6266}"
EndProject
Project("{8BC9CEB8-8B4A-11D0-8D11-00A0C91BC942}") = "R2Shapes", "gaps\pkgs\R2Shapes\R2Shapes.vcproj", "{01A98EE8-C1E4-402B-A35B-EF0410EF0CE4}"
EndProject
Project("{8BC9CEB8-8B4A-11D0-8D11-00A0C91BC942}") = "R3Graphics", "gaps\pkgs\R3Graphics\R3Graphics.vcproj", "{AC4E41F3-C0E6-446A-9E8E-63ACB864D866}"
EndProject
Project("{8BC9CEB8-8B4A-11D0-8D11-00A0C91BC942}") = "R3Shapes", "gaps\pkgs\R3Shapes\R3Shapes.vcproj", "{CEA31EFD-0410-4EE6-BFC6-EF9AF035A0CE}"
EndProject
Project("{8BC9CEB8-8B4A-11D0-8D11-00A0C91BC942}") = "groupSegEval", "apps\groupSegEval\groupSegEval.vcproj", "{8280EF35-0656-433A-8A8D-296B9283F098}"
	ProjectSection(ProjectDependencies) = postProject
		{B8495069-5476-4F53-A86A-8446CE4D6266} = {B8495069-5476-4F53-A86A-8446CE4D6266}
		{01A98EE8-C1E4-402B-A35B-EF0410EF0CE4} = {01A98EE8-C1E4-402B-A35B-EF0410EF0CE4}
		{AC4E41F3-C0E6-446A-9E8E-63ACB864D866} = {AC4E41F3-C0E6-446A-9E8E-63ACB864D866}
		{CEA31EFD-0410-4EE6-BFC6-EF9AF035A0CE} = {CEA31EFD-0410-4EE6-BFC6-EF9AF035A0CE}
	EndProjectSection
EndProject
Project("{8BC9CEB8-8B4A-11D0-8D11-00A0C91BC942}") = "iseg", "apps\iseg\iseg.vcproj", "{1D5AA723-4953-49C3-98C4-6939905466FD}"
	ProjectSection(ProjectDependencies) = postProject
		{CEA31EFD-0410-4EE6-BFC6-EF9AF035A0CE} = {CEA31EFD-0410-4EE6-BFC6-EF9AF035A0CE}
		{AC4E41F3-C0E6-446A-9E8E-63ACB864D866} = {AC4E41F3-C0E6-446A-9E8E-63ACB864D866}
		{01A98EE8-C1E4-402B-A35B-EF0410EF0CE4} = {01A98EE8-C1E4-402B-A35B-EF0410EF0CE4}
		{B8495069-5476-4F53-A86A-8446CE4D6266} = {B8495069-5476-4F53-A86A-8446CE4D6266}
	EndProjectSection
EndProject
Project("{8BC9CEB8-8B4A-11D0-8D11-00A0C91BC942}") = "msh2msh", "apps\msh2msh\msh2msh.vcproj", "{BD66D398-F2B9-4C58-BCC8-CDF619EBDC76}"
	ProjectSection(ProjectDependencies) = postProject
		{B8495069-5476-4F53-A86A-8446CE4D6266} = {B8495069-5476-4F53-A86A-8446CE4D6266}
		{01A98EE8-C1E4-402B-A35B-EF0410EF0CE4} = {01A98EE8-C1E4-402B-A35B-EF0410EF0CE4}
		{AC4E41F3-C0E6-446A-9E8E-63ACB864D866} = {AC4E41F3-C0E6-446A-9E8E-63ACB864D866}
		{CEA31EFD-0410-4EE6-BFC6-EF9AF035A0CE} = {CEA31EFD-0410-4EE6-BFC6-EF9AF035A0CE}
	EndProjectSection
EndProject
Project("{8BC9CEB8-8B4A-11D0-8D11-00A0C91BC942}") = "mshinfo", "apps\mshinfo\mshinfo.vcproj", "{790F018A-760F-4129-A4D9-0E94FBB62EE5}"
	ProjectSection(ProjectDependencies) = postProject
		{CEA31EFD-0410-4EE6-BFC6-EF9AF035A0CE} = {CEA31EFD-0410-4EE6-BFC6-EF9AF035A0CE}
		{AC4E41F3-C0E6-446A-9E8E-63ACB864D866} = {AC4E41F3-C0E6-446A-9E8E-63ACB864D866}
		{01A98EE8-C1E4-402B-A35B-EF0410EF0CE4} = {01A98EE8-C1E4-402B-A35B-EF0410EF0CE4}
		{B8495069-5476-4F53-A86A-8446CE4D6266} = {B8495069-5476-4F53-A86A-8446CE4D6266}
	EndProjectSection
EndProject
Project("{8BC9CEB8-8B4A-11D0-8D11-00A0C91BC942}") = "mshview", "apps\mshview\mshview.vcproj", "{8F72886D-E715-420B-8C13-CC7FE8B37E2E}"
	ProjectSection(ProjectDependencies) = postProject
		{B8495069-5476-4F53-A86A-8446CE4D6266} = {B8495069-5476-4F53-A86A-8446CE4D6266}
		{01A98EE8-C1E4-402B-A35B-EF0410EF0CE4} = {01A98EE8-C1E4-402B-A35B-EF0410EF0CE4}
		{AC4E41F3-C0E6-446A-9E8E-63ACB864D866} = {AC4E41F3-C0E6-446A-9E8E-63ACB864D866}
		{CEA31EFD-0410-4EE6-BFC6-EF9AF035A0CE} = {CEA31EFD-0410-4EE6-BFC6-EF9AF035A0CE}
	EndProjectSection
EndProject
Project("{8BC9CEB8-8B4A-11D0-8D11-00A0C91BC942}") = "outputSegments", "apps\outputSegments\outputSegments.vcproj", "{262432B2-D004-4C94-AD4C-17999318387B}"
	ProjectSection(ProjectDependencies) = postProject
		{CEA31EFD-0410-4EE6-BFC6-EF9AF035A0CE} = {CEA31EFD-0410-4EE6-BFC6-EF9AF035A0CE}
		{AC4E41F3-C0E6-446A-9E8E-63ACB864D866} = {AC4E41F3-C0E6-446A-9E8E-63ACB864D866}
		{01A98EE8-C1E4-402B-A35B-EF0410EF0CE4} = {01A98EE8-C1E4-402B-A35B-EF0410EF0CE4}
		{B8495069-5476-4F53-A86A-8446CE4D6266} = {B8495069-5476-4F53-A86A-8446CE4D6266}
	EndProjectSection
EndProject
Project("{8BC9CEB8-8B4A-11D0-8D11-00A0C91BC942}") = "segAnalysis", "apps\segAnalysis\segAnalysis.vcproj", "{A6D90B3C-B0FE-49A4-8BCE-C1CB550D814B}"
	ProjectSection(ProjectDependencies) = postProject
		{B8495069-5476-4F53-A86A-8446CE4D6266} = {B8495069-5476-4F53-A86A-8446CE4D6266}
		{01A98EE8-C1E4-402B-A35B-EF0410EF0CE4} = {01A98EE8-C1E4-402B-A35B-EF0410EF0CE4}
		{AC4E41F3-C0E6-446A-9E8E-63ACB864D866} = {AC4E41F3-C0E6-446A-9E8E-63ACB864D866}
		{CEA31EFD-0410-4EE6-BFC6-EF9AF035A0CE} = {CEA31EFD-0410-4EE6-BFC6-EF9AF035A0CE}
	EndProjectSection
EndProject
Project("{8BC9CEB8-8B4A-11D0-8D11-00A0C91BC942}") = "segEval", "apps\segEval\segEval.vcproj", "{36E32DB3-24A5-4722-BFC9-AD972505476C}"
	ProjectSection(ProjectDependencies) = postProject
		{CEA31EFD-0410-4EE6-BFC6-EF9AF035A0CE} = {CEA31EFD-0410-4EE6-BFC6-EF9AF035A0CE}
		{AC4E41F3-C0E6-446A-9E8E-63ACB864D866} = {AC4E41F3-C0E6-446A-9E8E-63ACB864D866}
		{01A98EE8-C1E4-402B-A35B-EF0410EF0CE4} = {01A98EE8-C1E4-402B-A35B-EF0410EF0CE4}
		{B8495069-5476-4F53-A86A-8446CE4D6266} = {B8495069-5476-4F53-A86A-8446CE4D6266}
	EndProjectSection
EndProject
Project("{8BC9CEB8-8B4A-11D0-8D11-00A0C91BC942}") = "segPreprocess", "apps\segPreprocess\segPreprocess.vcproj", "{A1D32DE4-511F-4359-9AE1-95991E37F8F9}"
	ProjectSection(ProjectDependencies) = postProject
		{B8495069-5476-4F53-A86A-8446CE4D6266} = {B8495069-5476-4F53-A86A-8446CE4D6266}
		{01A98EE8-C1E4-402B-A35B-EF0410EF0CE4} = {01A98EE8-C1E4-402B-A35B-EF0410EF0CE4}
		{AC4E41F3-C0E6-446A-9E8E-63ACB864D866} = {AC4E41F3-C0E6-446A-9E8E-63ACB864D866}
		{CEA31EFD-0410-4EE6-BFC6-EF9AF035A0CE} = {CEA31EFD-0410-4EE6-BFC6-EF9AF035A0CE}
	EndProjectSection
EndProject
Global
	GlobalSection(SolutionConfigurationPlatforms) = preSolution
		Debug|Win32 = Debug|Win32
		Release|Win32 = Release|Win32
	EndGlobalSection
	GlobalSection(ProjectConfigurationPlatforms) = postSolution
		{B8495069-5476-4F53-A86A-8446CE4D6266}.Debug|Win32.ActiveCfg = Debug|Win32
		{B8495069-5476-4F53-A86A-8446CE4D6266}.Debug|Win32.Build.0 = Debug|Win32
		{B8495069-5476-4F53-A86A-8446CE4D6266}.Release|Win32.ActiveCfg = Release|Win32
		{B8495069-5476-4F53-A86A-8446CE4D6266}.Release|Win32.Build.0 = Release|Win32
		{01A98EE8-C1E4-402B-A35B-EF0410EF0CE4}.Debug|Win32.ActiveCfg = Debug|Win32
		{01A98EE8-C1E4-402B-A35B-EF0410EF0CE4}.Debug|Win32.Build.0 = Debug|Win32
		{01A98EE8-C1E4-402B-A35B-EF0410EF0CE4}.Release|Win32.ActiveCfg = Release|Win32
		{01A98EE8-C1E4-402B-A35B-EF0410EF0CE4}.Release|Win32.Build.0 = Release|Win32
		{AC4E41F3-C0E6-446A-9E8E-63ACB864D866}.Debug|Win32.ActiveCfg = Debug|Win32
		{AC4E41F3-C0E6-446A-9E8E-63ACB864D866}.Debug|Win32.Build.0 = Debug|Win32
		{AC4E41F3-C0E6-446A-9E8E-63ACB864D866}.Release|Win32.ActiveCfg = Release|Win32
		{AC4E41F3-C0E6-446A-9E8E-63ACB864D866}.Release|Win32.Build.0 = Release|Win32
		{CEA31EFD-0410-4EE6-BFC6-EF9AF035A0CE}.Debug|Win32.ActiveCfg = Debug|Win32
		{CEA31EFD-0410-4EE6-BFC6-EF9AF035A0CE}.Debug|Win32.Build.0 = Debug|Win32
		{CEA31EFD-0410-4EE6-BFC6-EF9AF035A0CE}.Release|Win32.ActiveCfg = Release|Win32
		{CEA31EFD-0410-4EE6-BFC6-EF9AF035A0CE}.Release|Win32.Build.0 = Release|Win32
		{8280EF35-0656-433A-8A8D-296B9283F098}.Debug|Win32.ActiveCfg = Debug|Win32
		{8280EF35-0656-433A-8A8D-296B9283F098}.Debug|Win32.Build.0 = Debug|Win32
		{8280EF35-0656-433A-8A8D-296B9283F098}.Release|Win32.ActiveCfg = Release|Win32
		{8280EF35-0656-433A-8A8D-296B9283F098}.Release|Win32.Build.0 = Release|Win32
		{1D5AA723-4953-49C3-98C4-6939905466FD}.Debug|Win32.ActiveCfg = Debug|Win32
		{1D5AA723-4953-49C3-98C4-6939905466FD}.Debug|Win32.Build.0 = Debug|Win32
		{1D5AA723-4953-49C3-98C4-6939905466FD}.Release|Win32.ActiveCfg = Release|Win32
		{1D5AA723-4953-49C3-98C4-6939905466FD}.Release|Win32.Build.0 = Release|Win32
		{BD66D398-F2B9-4C58-BCC8-CDF619EBDC76}.Debug|Win32.ActiveCfg = Debug|Win32
		{BD66D398-F2B9-4C58-BCC8-CDF619EBDC76}.Debug|Win32.Build.0 = Debug|Win32
		{BD66D398-F2B9-4C58-BCC8-CDF619EBDC76}.Release|Win32.ActiveCfg = Release|Win32
		{BD66D398-F2B9-4C58-BCC8-CDF619EBDC76}.Release|Win32.Build.0 = Release|Win32
		{790F018A-760F-4129-A4D9-0E94FBB62EE5}.Debug|Win32.ActiveCfg = Debug|Win32
		{790F018A-760F-4129-A4D9-0E94FBB62EE5}.Debug|Win32.Build.0 = Debug|Win32
		{790F018A-760F-4129-A4D9-0E94FBB62EE5}.Release|Win32.ActiveCfg = Release|Win32
		{790F018A-760F-4129-A4D9-0E94FBB62EE5}.Release|Win32.Build.0 = Release|Win32
		{8F72886D-E715-420B-8C13-CC7FE8B37E2E}.Debug|Win32.ActiveCfg = Debug|Win32
		{8F72886D-E715-420B-8C13-CC7FE8B37E2E}.Debug|Win32.Build.0 = Debug|Win32
		{8F72886D-E715-420B-8C13-CC7FE8B37E2E}.Release|Win32.ActiveCfg = Release|Win32
		{8F72886D-E715-420B-8C13-CC7FE8B37E2E}.Release|Win32.Build.0 = Release|Win32
		{262432B2-D004-4C94-AD4C-17999318387B}.Debug|Win32.ActiveCfg = Debug|Win32
		{262432B2-D004-4C94-AD4C-17999318387B}.Debug|Win32.Build.0 = Debug|Win32
		{262432B2-D004-4C94-AD4C-17999318387B}.Release|Win32.ActiveCfg = Release|Win32
		{262432B2-D004-4C94-AD4C-17999318387B}.Release|Win32.Build.0 = Release|Win32
		{A6D90B3C-B0FE-49A4-8BCE-C1CB550D814B}.Debug|Win32.ActiveCfg = Debug|Win32
		{A6D90B3C-B0FE-49A4-8BCE-C1CB550D814B}.Debug|Win32.Build.0 = Debug|Win32
		{A6D90B3C-B0FE-49A4-8BCE-C1CB550D814B}.Release|Win32.ActiveCfg = Release|Win32
		{A6D90B3C-B0FE-49A4-8BCE-C1CB550D814B}.Release|Win32.Build.0 = Release|Win32
		{36E32DB3-24A5-4722-BFC9-AD972505476C}.Debug|Win32.ActiveCfg = Debug|Win32
		{36E32DB3-24A5-4722-BFC9-AD972505476C}.Debug|Win32.Build.0 = Debug|Win32
		{36E32DB3-24A5-4722-BFC9-AD972505476C}.Release|Win32.ActiveCfg = Release|Win32
		{36E32DB3-24A5-4722-BFC9-AD972505476C}.Release|Win32.Build.0 = Release|Win32
		{A1D32DE4-511F-4359-9AE1-95991E37F8F9}.Debug|Win32.ActiveCfg = Debug|Win32
		{A1D32DE4-511F-4359-9AE1-95991E37F8F9}.Debug|Win32.Build.0 = Debug|Win32
		{A1D32DE4-511F-4359-9AE1-95991E37F8F9}.Release|Win32.ActiveCfg = Release|Win32
		{A1D32DE4-511F-4359-9AE1-95991E37F8F9}.Release|Win32.Build.0 = Release|Win32
	EndGlobalSection
	GlobalSection(SolutionProperties) = preSolution
		HideSolutionNode = FALSE
	EndGlobalSection
EndGlobal
